
Microsoft Visual Studio Solution File, Format Version 12.00
# Visual Studio Version 17
VisualStudioVersion = 17.13.35919.96 d17.13
MinimumVisualStudioVersion = 10.0.40219.1
Project("{F2A71F9B-5D33-465A-A702-920D77279786}") = "Emoticode", "Emoticode.fsproj", "{66DB915F-4048-4058-8E63-3475E8DABD4E}"
EndProject
Global
	GlobalSection(SolutionConfigurationPlatforms) = preSolution
		Debug|Any CPU = Debug|Any CPU
		Release|Any CPU = Release|Any CPU
	EndGlobalSection
	GlobalSection(ProjectConfigurationPlatforms) = postSolution
		{66DB915F-4048-4058-8E63-3475E8DABD4E}.Debug|Any CPU.ActiveCfg = Debug|Any CPU
		{66DB915F-4048-4058-8E63-3475E8DABD4E}.Debug|Any CPU.Build.0 = Debug|Any CPU
		{66DB915F-4048-4058-8E63-3475E8DABD4E}.Release|Any CPU.ActiveCfg = Release|Any CPU
		{66DB915F-4048-4058-8E63-3475E8DABD4E}.Release|Any CPU.Build.0 = Release|Any CPU
	EndGlobalSection
	GlobalSection(SolutionProperties) = preSolution
		HideSolutionNode = FALSE
	EndGlobalSection
	GlobalSection(ExtensibilityGlobals) = postSolution
		SolutionGuid = {16AB1AF5-9278-40C5-BB04-F993283D6E8D}
	EndGlobalSection
EndGlobal
